
Microsoft Visual Studio Solution File, Format Version 12.00
# Visual Studio 14
VisualStudioVersion = 14.0.25420.1
MinimumVisualStudioVersion = 10.0.40219.1
Project("{FAE04EC0-301F-11D3-BF4B-00C04F79EFBC}") = "TogglToInvoice.WinApp", "Source\TogglToInvoice.WinApp\TogglToInvoice.WinApp.csproj", "{153B4EFF-1857-4714-B027-C74EC583893F}"
EndProject
Project("{FAE04EC0-301F-11D3-BF4B-00C04F79EFBC}") = "TogglToInvoice.Common", "Source\TogglToInvoice.Common\TogglToInvoice.Common.csproj", "{07CD00EE-FB52-4EB6-8D45-AD2186CB64D0}"
EndProject
Project("{FAE04EC0-301F-11D3-BF4B-00C04F79EFBC}") = "TogglToInvoice.Common.Test", "Source\TogglToInvoice.Common.Test\TogglToInvoice.Common.Test.csproj", "{5AE4DA03-B02D-4990-BFA1-75174F1E32C6}"
EndProject
Global
	GlobalSection(SolutionConfigurationPlatforms) = preSolution
		Debug|Any CPU = Debug|Any CPU
		Release|Any CPU = Release|Any CPU
	EndGlobalSection
	GlobalSection(ProjectConfigurationPlatforms) = postSolution
		{153B4EFF-1857-4714-B027-C74EC583893F}.Debug|Any CPU.ActiveCfg = Debug|Any CPU
		{153B4EFF-1857-4714-B027-C74EC583893F}.Debug|Any CPU.Build.0 = Debug|Any CPU
		{153B4EFF-1857-4714-B027-C74EC583893F}.Release|Any CPU.ActiveCfg = Release|Any CPU
		{153B4EFF-1857-4714-B027-C74EC583893F}.Release|Any CPU.Build.0 = Release|Any CPU
		{07CD00EE-FB52-4EB6-8D45-AD2186CB64D0}.Debug|Any CPU.ActiveCfg = Debug|Any CPU
		{07CD00EE-FB52-4EB6-8D45-AD2186CB64D0}.Debug|Any CPU.Build.0 = Debug|Any CPU
		{07CD00EE-FB52-4EB6-8D45-AD2186CB64D0}.Release|Any CPU.ActiveCfg = Release|Any CPU
		{07CD00EE-FB52-4EB6-8D45-AD2186CB64D0}.Release|Any CPU.Build.0 = Release|Any CPU
		{5AE4DA03-B02D-4990-BFA1-75174F1E32C6}.Debug|Any CPU.ActiveCfg = Debug|Any CPU
		{5AE4DA03-B02D-4990-BFA1-75174F1E32C6}.Debug|Any CPU.Build.0 = Debug|Any CPU
		{5AE4DA03-B02D-4990-BFA1-75174F1E32C6}.Release|Any CPU.ActiveCfg = Release|Any CPU
		{5AE4DA03-B02D-4990-BFA1-75174F1E32C6}.Release|Any CPU.Build.0 = Release|Any CPU
	EndGlobalSection
	GlobalSection(SolutionProperties) = preSolution
		HideSolutionNode = FALSE
	EndGlobalSection
EndGlobal
